<?xml version="1.0" encoding="utf-8"?>
<Project ToolsVersion="4.0" xmlns="http://schemas.microsoft.com/developer/msbuild/2003">
  <ItemGroup>
    <Filter Include="Source Files">
      <UniqueIdentifier>{4FC737F1-C7A5-4376-A066-2A32D752A2FF}</UniqueIdentifier>
      <Extensions>cpp;c;cc;cxx;c++;cppm;ixx;def;odl;idl;hpj;bat;asm;asmx</Extensions>
    </Filter>
    <Filter Include="Header Files">
      <UniqueIdentifier>{93995380-89BD-4b04-88EB-625FBE52EBFB}</UniqueIdentifier>
      <Extensions>h;hh;hpp;hxx;h++;hm;inl;inc;ipp;xsd</Extensions>
    </Filter>
    <Filter Include="Resource Files">
      <UniqueIdentifier>{67DA6AB6-F800-4c08-8B7A-83BB121AAD01}</UniqueIdentifier>
      <Extensions>rc;ico;cur;bmp;dlg;rc2;rct;bin;rgs;gif;jpg;jpeg;jpe;resx;tiff;tif;png;wav;mfcribbon-ms</Extensions>
    </Filter>
    <Filter Include="Header Files\gfx">
      <UniqueIdentifier>{ba8588b4-7531-4809-8df4-c1ffa4a28686}</UniqueIdentifier>
    </Filter>
    <Filter Include="Source Files\gfx">
      <UniqueIdentifier>{03f9aeda-d378-42a6-9a09-40728e87cc68}</UniqueIdentifier>
    </Filter>
    <Filter Include="Header Files\core">
      <UniqueIdentifier>{0c33647b-86d4-4b24-815f-df8268aad796}</UniqueIdentifier>
    </Filter>
    <Filter Include="Source Files\core">
      <UniqueIdentifier>{3be5e44b-a651-4f42-ba26-b21d07cbc5e4}</UniqueIdentifier>
    </Filter>
    <Filter Include="Header Files\gui">
      <UniqueIdentifier>{f4aa0d08-699a-4480-9ea4-681fe3ff2f6a}</UniqueIdentifier>
    </Filter>
    <Filter Include="Source Files\gui">
      <UniqueIdentifier>{aff898a6-932d-41ff-8ca9-04a1f351cb1f}</UniqueIdentifier>
    </Filter>
    <Filter Include="Libraries">
      <UniqueIdentifier>{8bfabb9c-1be2-4e91-bcd0-b230f410461c}</UniqueIdentifier>
    </Filter>
    <Filter Include="Libraries\renderdoc">
      <UniqueIdentifier>{57dcbfcd-f539-43fd-a387-39be2bed57c4}</UniqueIdentifier>
    </Filter>
    <Filter Include="Libraries\stb">
      <UniqueIdentifier>{a5352279-4cc9-4eba-b022-f063aeb18e90}</UniqueIdentifier>
    </Filter>
    <Filter Include="Libraries\tracy">
      <UniqueIdentifier>{73ad29b7-8cee-4101-81c2-f9871c2e1b79}</UniqueIdentifier>
    </Filter>
    <Filter Include="Libraries\ImGui">
      <UniqueIdentifier>{38c8ee29-d12c-47ed-ab44-1f773ea29f30}</UniqueIdentifier>
    </Filter>
    <Filter Include="Libraries\NativeFileDialog-Extended">
      <UniqueIdentifier>{505bed91-1ea2-40bf-b4e7-75a6f7d46c23}</UniqueIdentifier>
    </Filter>
    <Filter Include="Libraries\zstd">
      <UniqueIdentifier>{da40fb5e-5e12-4895-ab76-965ac256b6e1}</UniqueIdentifier>
    </Filter>
    <Filter Include="Libraries\ImGui\backends">
      <UniqueIdentifier>{36a5f0f7-dadd-4154-8f3c-d7f47d9dee7c}</UniqueIdentifier>
    </Filter>
    <Filter Include="Header Files\utils">
      <UniqueIdentifier>{57489ebe-1b94-45e9-af1d-003afdafab2b}</UniqueIdentifier>
    </Filter>
    <Filter Include="Source Files\utils">
      <UniqueIdentifier>{907b2707-3681-463a-bb6b-8cc8f2bbdbc6}</UniqueIdentifier>
    </Filter>
  </ItemGroup>
  <ItemGroup>
    <ClCompile Include="..\src\main.cc">
      <Filter>Source Files</Filter>
    </ClCompile>
    <ClCompile Include="..\libs\stb\stb.c">
      <Filter>Libraries\stb</Filter>
    </ClCompile>
    <ClCompile Include="..\src\buffer.cc">
      <Filter>Source Files\gfx</Filter>
    </ClCompile>
    <ClCompile Include="..\src\colours.cc">
      <Filter>Source Files\gfx</Filter>
    </ClCompile>
    <ClCompile Include="..\src\mesh.cc">
      <Filter>Source Files\gfx</Filter>
    </ClCompile>
    <ClCompile Include="..\src\shader.cc">
      <Filter>Source Files\gfx</Filter>
    </ClCompile>
    <ClCompile Include="..\src\texture.cc">
      <Filter>Source Files\gfx</Filter>
    </ClCompile>
    <ClCompile Include="..\src\ini.cc">
      <Filter>Source Files\core</Filter>
    </ClCompile>
    <ClCompile Include="..\src\input.cc">
      <Filter>Source Files\core</Filter>
    </ClCompile>
    <ClCompile Include="..\src\system.cc">
      <Filter>Source Files\core</Filter>
    </ClCompile>
    <ClCompile Include="..\src\timer.cc">
      <Filter>Source Files\core</Filter>
    </ClCompile>
    <ClCompile Include="..\src\tracelog.cc">
      <Filter>Source Files\core</Filter>
    </ClCompile>
    <ClCompile Include="..\libs\renderdoc\renderdoc.cc">
      <Filter>Libraries\renderdoc</Filter>
    </ClCompile>
    <ClCompile Include="..\src\brush_editor.cc">
      <Filter>Source Files\gui</Filter>
    </ClCompile>
    <ClCompile Include="..\src\material_editor.cc">
      <Filter>Source Files\gui</Filter>
    </ClCompile>
    <ClCompile Include="..\libs\nativefiledialog-extended\src\nfd_win.cpp">
      <Filter>Libraries\NativeFileDialog-Extended</Filter>
    </ClCompile>
    <ClCompile Include="..\src\widgets.cc">
      <Filter>Source Files\gui</Filter>
    </ClCompile>
    <ClCompile Include="..\src\options.cc">
      <Filter>Source Files\core</Filter>
    </ClCompile>
    <ClCompile Include="..\src\camera.cc">
      <Filter>Source Files\gfx</Filter>
    </ClCompile>
    <ClCompile Include="..\libs\zstd\zstd.cc">
      <Filter>Libraries\zstd</Filter>
    </ClCompile>
    <ClCompile Include="..\libs\imgui\imgui.cpp">
      <Filter>Libraries\ImGui</Filter>
    </ClCompile>
    <ClCompile Include="..\libs\imgui\imgui_demo.cpp">
      <Filter>Libraries\ImGui</Filter>
    </ClCompile>
    <ClCompile Include="..\libs\imgui\imgui_draw.cpp">
      <Filter>Libraries\ImGui</Filter>
    </ClCompile>
    <ClCompile Include="..\libs\imgui\imgui_tables.cpp">
      <Filter>Libraries\ImGui</Filter>
    </ClCompile>
    <ClCompile Include="..\libs\imgui\imgui_widgets.cpp">
      <Filter>Libraries\ImGui</Filter>
    </ClCompile>
    <ClCompile Include="..\libs\imgui\backends\imgui_impl_dx11.cpp">
      <Filter>Libraries\ImGui\backends</Filter>
    </ClCompile>
    <ClCompile Include="..\libs\imgui\backends\imgui_impl_win32.cpp">
      <Filter>Libraries\ImGui\backends</Filter>
    </ClCompile>
    <ClCompile Include="..\src\ray_tracing_editor.cc">
      <Filter>Source Files\gui</Filter>
    </ClCompile>
    <ClCompile Include="..\src\sculpture.cc">
      <Filter>Source Files\gfx</Filter>
    </ClCompile>
    <ClCompile Include="..\src\fs.cc">
      <Filter>Source Files\utils</Filter>
    </ClCompile>
    <ClCompile Include="..\src\mem.cc">
      <Filter>Source Files\utils</Filter>
    </ClCompile>
    <ClCompile Include="..\src\str.cc">
      <Filter>Source Files\utils</Filter>
    </ClCompile>
    <ClCompile Include="..\src\thr.cc">
      <Filter>Source Files\utils</Filter>
    </ClCompile>
  </ItemGroup>
  <ItemGroup>
    <ClInclude Include="..\libs\stb\stb_image_write.h">
      <Filter>Libraries\stb</Filter>
    </ClInclude>
    <ClInclude Include="..\libs\stb\stb_image.h">
      <Filter>Libraries\stb</Filter>
    </ClInclude>
    <ClInclude Include="..\src\buffer.h">
      <Filter>Header Files\gfx</Filter>
    </ClInclude>
    <ClInclude Include="..\src\shader.h">
      <Filter>Header Files\gfx</Filter>
    </ClInclude>
    <ClInclude Include="..\src\texture.h">
      <Filter>Header Files\gfx</Filter>
    </ClInclude>
    <ClInclude Include="..\src\mesh.h">
      <Filter>Header Files\gfx</Filter>
    </ClInclude>
    <ClInclude Include="..\src\colour.h">
      <Filter>Header Files\gfx</Filter>
    </ClInclude>
    <ClInclude Include="..\src\gfx_common.h">
      <Filter>Header Files\gfx</Filter>
    </ClInclude>
    <ClInclude Include="..\src\d3d11_fwd.h">
      <Filter>Header Files\gfx</Filter>
    </ClInclude>
    <ClInclude Include="..\src\system.h">
      <Filter>Header Files\core</Filter>
    </ClInclude>
    <ClInclude Include="..\src\ini.h">
      <Filter>Header Files\core</Filter>
    </ClInclude>
    <ClInclude Include="..\src\input.h">
      <Filter>Header Files\core</Filter>
    </ClInclude>
    <ClInclude Include="..\src\tracelog.h">
      <Filter>Header Files\core</Filter>
    </ClInclude>
    <ClInclude Include="..\src\common.h">
      <Filter>Header Files\core</Filter>
    </ClInclude>
    <ClInclude Include="..\src\handle.h">
      <Filter>Header Files\core</Filter>
    </ClInclude>
    <ClInclude Include="..\src\timer.h">
      <Filter>Header Files\core</Filter>
    </ClInclude>
    <ClInclude Include="..\libs\renderdoc\renderdoc_app.h">
      <Filter>Libraries\renderdoc</Filter>
    </ClInclude>
    <ClInclude Include="..\libs\renderdoc\renderdoc.h">
      <Filter>Libraries\renderdoc</Filter>
    </ClInclude>
    <ClInclude Include="..\src\widgets.h">
      <Filter>Header Files\gui</Filter>
    </ClInclude>
    <ClInclude Include="..\src\brush_editor.h">
      <Filter>Header Files\gui</Filter>
    </ClInclude>
    <ClInclude Include="..\src\material_editor.h">
      <Filter>Header Files\gui</Filter>
    </ClInclude>
    <ClInclude Include="..\libs\nativefiledialog-extended\src\include\nfd.h">
      <Filter>Libraries\NativeFileDialog-Extended</Filter>
    </ClInclude>
    <ClInclude Include="..\libs\nativefiledialog-extended\src\include\nfd.hpp">
      <Filter>Libraries\NativeFileDialog-Extended</Filter>
    </ClInclude>
    <ClInclude Include="..\libs\zstd\zstd.hpp">
      <Filter>Libraries\zstd</Filter>
    </ClInclude>
    <ClInclude Include="..\libs\zstd\zstd.h">
      <Filter>Libraries\zstd</Filter>
    </ClInclude>
    <ClInclude Include="..\src\options.h">
      <Filter>Header Files\core</Filter>
    </ClInclude>
    <ClInclude Include="..\libs\imgui\imconfig.h">
      <Filter>Libraries\ImGui</Filter>
    </ClInclude>
    <ClInclude Include="..\libs\imgui\imgui.h">
      <Filter>Libraries\ImGui</Filter>
    </ClInclude>
    <ClInclude Include="..\libs\imgui\imgui_internal.h">
      <Filter>Libraries\ImGui</Filter>
    </ClInclude>
    <ClInclude Include="..\libs\imgui\imstb_rectpack.h">
      <Filter>Libraries\ImGui</Filter>
    </ClInclude>
    <ClInclude Include="..\libs\imgui\imstb_textedit.h">
      <Filter>Libraries\ImGui</Filter>
    </ClInclude>
    <ClInclude Include="..\libs\imgui\imstb_truetype.h">
      <Filter>Libraries\ImGui</Filter>
    </ClInclude>
    <ClInclude Include="..\libs\imgui\backends\imgui_impl_dx11.h">
      <Filter>Libraries\ImGui\backends</Filter>
    </ClInclude>
    <ClInclude Include="..\libs\imgui\backends\imgui_impl_win32.h">
      <Filter>Libraries\ImGui\backends</Filter>
    </ClInclude>
    <ClInclude Include="..\src\gfx_factory.h">
      <Filter>Header Files\gfx</Filter>
    </ClInclude>
    <ClInclude Include="..\src\ray_tracing_editor.h">
      <Filter>Header Files\gui</Filter>
    </ClInclude>
    <ClInclude Include="..\src\camera.h">
      <Filter>Header Files\gfx</Filter>
    </ClInclude>
    <ClInclude Include="..\src\sculpture.h">
      <Filter>Header Files\gfx</Filter>
    </ClInclude>
    <ClInclude Include="..\src\mem.h">
      <Filter>Header Files\utils</Filter>
    </ClInclude>
    <ClInclude Include="..\src\arr.h">
      <Filter>Header Files\utils</Filter>
    </ClInclude>
    <ClInclude Include="..\src\slice.h">
      <Filter>Header Files\utils</Filter>
    </ClInclude>
    <ClInclude Include="..\src\str.h">
      <Filter>Header Files\utils</Filter>
    </ClInclude>
    <ClInclude Include="..\src\fs.h">
      <Filter>Header Files\utils</Filter>
    </ClInclude>
    <ClInclude Include="..\src\thr.h">
      <Filter>Header Files\utils</Filter>
    </ClInclude>
    <ClInclude Include="..\src\maths.h">
      <Filter>Header Files\core</Filter>
    </ClInclude>
    <ClInclude Include="..\src\vec.h">
      <Filter>Header Files\core</Filter>
    </ClInclude>
  </ItemGroup>
  <ItemGroup>
    <Natvis Include="struct_helper.natvis" />
  </ItemGroup>
</Project>